{
  "originHash" : "30faca3276baa924df6d0b4ccfdf040970e8ab07ef4ac92c8166e985dc39164a",
  "pins" : [
    {
      "identity" : "socure-sigmadevice-sdk-ios",
      "kind" : "remoteSourceControl",
      "location" : "https://github.com/socure-inc/socure-sigmadevice-sdk-ios",
      "state" : {
        "revision" : "092792fa4b24d188f9b4580cc03dee10ff5b44de",
        "version" : "4.8.1"
      }
    },
    {
      "identity" : "unit-ios-sdk",
      "kind" : "remoteSourceControl",
      "location" : "https://github.com/unit-finance/unit-ios-sdk.git",
      "state" : {
        "branch" : "main",
        "revision" : "8672cac02b682732d03a6ea3a4335dac7c541c23"
      }
    }
  ],
  "version" : 3
}
