{
  "originHash" : "d228fa2012db1bbd993d764fad125aa435e4fe97d2f68dabedba33388db6d34d",
  "pins" : [
    {
      "identity" : "socure-sigmadevice-sdk-ios",
      "kind" : "remoteSourceControl",
      "location" : "https://github.com/socure-inc/socure-sigmadevice-sdk-ios",
      "state" : {
        "revision" : "092792fa4b24d188f9b4580cc03dee10ff5b44de",
        "version" : "4.8.1"
      }
    },
    {
      "identity" : "unit-ios-sdk",
      "kind" : "remoteSourceControl",
      "location" : "https://github.com/unit-finance/unit-ios-sdk.git",
      "state" : {
        "branch" : "feat/expose-unitcommon-product",
        "revision" : "483a690591bb0ac649a9e7de860bd3783ea25dce"
      }
    }
  ],
  "version" : 3
}
